
Microsoft Visual Studio Solution File, Format Version 12.00
# Visual Studio Version 16
VisualStudioVersion = 16.0.31409.214
MinimumVisualStudioVersion = 10.0.40219.1
Project("{9A19103F-16F7-4668-BE54-9A1E7A4F7556}") = "api", "api.csproj", "{41A1C126-D5D0-4F09-9350-8C5311A6E267}"
EndProject
Global
	GlobalSection(SolutionConfigurationPlatforms) = preSolution
		Debug|Any CPU = Debug|Any CPU
		Release|Any CPU = Release|Any CPU
	EndGlobalSection
	GlobalSection(ProjectConfigurationPlatforms) = postSolution
		{41A1C126-D5D0-4F09-9350-8C5311A6E267}.Debug|Any CPU.ActiveCfg = Debug|Any CPU
		{41A1C126-D5D0-4F09-9350-8C5311A6E267}.Debug|Any CPU.Build.0 = Debug|Any CPU
		{41A1C126-D5D0-4F09-9350-8C5311A6E267}.Release|Any CPU.ActiveCfg = Release|Any CPU
		{41A1C126-D5D0-4F09-9350-8C5311A6E267}.Release|Any CPU.Build.0 = Release|Any CPU
	EndGlobalSection
	GlobalSection(SolutionProperties) = preSolution
		HideSolutionNode = FALSE
	EndGlobalSection
	GlobalSection(ExtensibilityGlobals) = postSolution
		SolutionGuid = {F8346FEB-8645-479D-A22D-E8131E33BF7F}
	EndGlobalSection
EndGlobal
